
Microsoft Visual Studio Solution File, Format Version 12.00
# Visual Studio Version 16
VisualStudioVersion = 16.0.30128.74
MinimumVisualStudioVersion = 10.0.40219.1
Project("{FAE04EC0-301F-11D3-BF4B-00C04F79EFBC}") = "FurnitureShop3d.Android", "FurnitureShop3d\FurnitureShop3d.Android\FurnitureShop3d.Android.csproj", "{750BB5E0-01F0-41A0-8F86-3DF128F1E2E0}"
EndProject
Project("{FAE04EC0-301F-11D3-BF4B-00C04F79EFBC}") = "FurnitureShop3d.iOS", "FurnitureShop3d\FurnitureShop3d.iOS\FurnitureShop3d.iOS.csproj", "{75A24F9A-8A5C-4209-819B-16DD133169FD}"
EndProject
Project("{FAE04EC0-301F-11D3-BF4B-00C04F79EFBC}") = "FurnitureShop3d", "FurnitureShop3d\FurnitureShop3d\FurnitureShop3d.csproj", "{03C40509-5580-403C-B1AA-F85F842DC8E7}"
EndProject
Global
	GlobalSection(SolutionConfigurationPlatforms) = preSolution
		Debug|Any CPU = Debug|Any CPU
		Debug|iPhone = Debug|iPhone
		Debug|iPhoneSimulator = Debug|iPhoneSimulator
		Release|Any CPU = Release|Any CPU
		Release|iPhone = Release|iPhone
		Release|iPhoneSimulator = Release|iPhoneSimulator
	EndGlobalSection
	GlobalSection(ProjectConfigurationPlatforms) = postSolution
		{750BB5E0-01F0-41A0-8F86-3DF128F1E2E0}.Debug|Any CPU.ActiveCfg = Debug|Any CPU
		{750BB5E0-01F0-41A0-8F86-3DF128F1E2E0}.Debug|Any CPU.Build.0 = Debug|Any CPU
		{750BB5E0-01F0-41A0-8F86-3DF128F1E2E0}.Debug|Any CPU.Deploy.0 = Debug|Any CPU
		{750BB5E0-01F0-41A0-8F86-3DF128F1E2E0}.Debug|iPhone.ActiveCfg = Debug|Any CPU
		{750BB5E0-01F0-41A0-8F86-3DF128F1E2E0}.Debug|iPhone.Build.0 = Debug|Any CPU
		{750BB5E0-01F0-41A0-8F86-3DF128F1E2E0}.Debug|iPhone.Deploy.0 = Debug|Any CPU
		{750BB5E0-01F0-41A0-8F86-3DF128F1E2E0}.Debug|iPhoneSimulator.ActiveCfg = Debug|Any CPU
		{750BB5E0-01F0-41A0-8F86-3DF128F1E2E0}.Debug|iPhoneSimulator.Build.0 = Debug|Any CPU
		{750BB5E0-01F0-41A0-8F86-3DF128F1E2E0}.Debug|iPhoneSimulator.Deploy.0 = Debug|Any CPU
		{750BB5E0-01F0-41A0-8F86-3DF128F1E2E0}.Release|Any CPU.ActiveCfg = Release|Any CPU
		{750BB5E0-01F0-41A0-8F86-3DF128F1E2E0}.Release|Any CPU.Build.0 = Release|Any CPU
		{750BB5E0-01F0-41A0-8F86-3DF128F1E2E0}.Release|Any CPU.Deploy.0 = Release|Any CPU
		{750BB5E0-01F0-41A0-8F86-3DF128F1E2E0}.Release|iPhone.ActiveCfg = Release|Any CPU
		{750BB5E0-01F0-41A0-8F86-3DF128F1E2E0}.Release|iPhone.Build.0 = Release|Any CPU
		{750BB5E0-01F0-41A0-8F86-3DF128F1E2E0}.Release|iPhone.Deploy.0 = Release|Any CPU
		{750BB5E0-01F0-41A0-8F86-3DF128F1E2E0}.Release|iPhoneSimulator.ActiveCfg = Release|Any CPU
		{750BB5E0-01F0-41A0-8F86-3DF128F1E2E0}.Release|iPhoneSimulator.Build.0 = Release|Any CPU
		{750BB5E0-01F0-41A0-8F86-3DF128F1E2E0}.Release|iPhoneSimulator.Deploy.0 = Release|Any CPU
		{75A24F9A-8A5C-4209-819B-16DD133169FD}.Debug|Any CPU.ActiveCfg = Debug|iPhone
		{75A24F9A-8A5C-4209-819B-16DD133169FD}.Debug|Any CPU.Build.0 = Debug|iPhone
		{75A24F9A-8A5C-4209-819B-16DD133169FD}.Debug|Any CPU.Deploy.0 = Debug|iPhone
		{75A24F9A-8A5C-4209-819B-16DD133169FD}.Debug|iPhone.ActiveCfg = Debug|iPhone
		{75A24F9A-8A5C-4209-819B-16DD133169FD}.Debug|iPhone.Build.0 = Debug|iPhone
		{75A24F9A-8A5C-4209-819B-16DD133169FD}.Debug|iPhone.Deploy.0 = Debug|iPhone
		{75A24F9A-8A5C-4209-819B-16DD133169FD}.Debug|iPhoneSimulator.ActiveCfg = Debug|iPhoneSimulator
		{75A24F9A-8A5C-4209-819B-16DD133169FD}.Debug|iPhoneSimulator.Build.0 = Debug|iPhoneSimulator
		{75A24F9A-8A5C-4209-819B-16DD133169FD}.Debug|iPhoneSimulator.Deploy.0 = Debug|iPhoneSimulator
		{75A24F9A-8A5C-4209-819B-16DD133169FD}.Release|Any CPU.ActiveCfg = Release|iPhone
		{75A24F9A-8A5C-4209-819B-16DD133169FD}.Release|Any CPU.Build.0 = Release|iPhone
		{75A24F9A-8A5C-4209-819B-16DD133169FD}.Release|Any CPU.Deploy.0 = Release|iPhone
		{75A24F9A-8A5C-4209-819B-16DD133169FD}.Release|iPhone.ActiveCfg = Release|iPhone
		{75A24F9A-8A5C-4209-819B-16DD133169FD}.Release|iPhone.Build.0 = Release|iPhone
		{75A24F9A-8A5C-4209-819B-16DD133169FD}.Release|iPhone.Deploy.0 = Release|iPhone
		{75A24F9A-8A5C-4209-819B-16DD133169FD}.Release|iPhoneSimulator.ActiveCfg = Release|iPhoneSimulator
		{75A24F9A-8A5C-4209-819B-16DD133169FD}.Release|iPhoneSimulator.Build.0 = Release|iPhoneSimulator
		{75A24F9A-8A5C-4209-819B-16DD133169FD}.Release|iPhoneSimulator.Deploy.0 = Release|iPhoneSimulator
		{03C40509-5580-403C-B1AA-F85F842DC8E7}.Debug|Any CPU.ActiveCfg = Debug|Any CPU
		{03C40509-5580-403C-B1AA-F85F842DC8E7}.Debug|Any CPU.Build.0 = Debug|Any CPU
		{03C40509-5580-403C-B1AA-F85F842DC8E7}.Debug|Any CPU.Deploy.0 = Debug|Any CPU
		{03C40509-5580-403C-B1AA-F85F842DC8E7}.Debug|iPhone.ActiveCfg = Debug|Any CPU
		{03C40509-5580-403C-B1AA-F85F842DC8E7}.Debug|iPhone.Build.0 = Debug|Any CPU
		{03C40509-5580-403C-B1AA-F85F842DC8E7}.Debug|iPhone.Deploy.0 = Debug|Any CPU
		{03C40509-5580-403C-B1AA-F85F842DC8E7}.Debug|iPhoneSimulator.ActiveCfg = Debug|Any CPU
		{03C40509-5580-403C-B1AA-F85F842DC8E7}.Debug|iPhoneSimulator.Build.0 = Debug|Any CPU
		{03C40509-5580-403C-B1AA-F85F842DC8E7}.Debug|iPhoneSimulator.Deploy.0 = Debug|Any CPU
		{03C40509-5580-403C-B1AA-F85F842DC8E7}.Release|Any CPU.ActiveCfg = Release|Any CPU
		{03C40509-5580-403C-B1AA-F85F842DC8E7}.Release|Any CPU.Build.0 = Release|Any CPU
		{03C40509-5580-403C-B1AA-F85F842DC8E7}.Release|Any CPU.Deploy.0 = Release|Any CPU
		{03C40509-5580-403C-B1AA-F85F842DC8E7}.Release|iPhone.ActiveCfg = Release|Any CPU
		{03C40509-5580-403C-B1AA-F85F842DC8E7}.Release|iPhone.Build.0 = Release|Any CPU
		{03C40509-5580-403C-B1AA-F85F842DC8E7}.Release|iPhone.Deploy.0 = Release|Any CPU
		{03C40509-5580-403C-B1AA-F85F842DC8E7}.Release|iPhoneSimulator.ActiveCfg = Release|Any CPU
		{03C40509-5580-403C-B1AA-F85F842DC8E7}.Release|iPhoneSimulator.Build.0 = Release|Any CPU
		{03C40509-5580-403C-B1AA-F85F842DC8E7}.Release|iPhoneSimulator.Deploy.0 = Release|Any CPU
	EndGlobalSection
	GlobalSection(SolutionProperties) = preSolution
		HideSolutionNode = FALSE
	EndGlobalSection
	GlobalSection(ExtensibilityGlobals) = postSolution
		SolutionGuid = {3EDED1D1-FA07-405A-877B-6664AED1FC2A}
	EndGlobalSection
EndGlobal
